
Microsoft Visual Studio Solution File, Format Version 12.00
# Visual Studio Version 17
VisualStudioVersion = 17.8.34525.116
MinimumVisualStudioVersion = 10.0.40219.1
Project("{9A19103F-16F7-4668-BE54-9A1E7A4F7556}") = "CoinLore.API", "Coinlore\CoinLore.API.csproj", "{225BED0B-FE12-40F7-A816-3D8504B9E973}"
EndProject
Global
	GlobalSection(SolutionConfigurationPlatforms) = preSolution
		Debug|Any CPU = Debug|Any CPU
		Release|Any CPU = Release|Any CPU
	EndGlobalSection
	GlobalSection(ProjectConfigurationPlatforms) = postSolution
		{225BED0B-FE12-40F7-A816-3D8504B9E973}.Debug|Any CPU.ActiveCfg = Debug|Any CPU
		{225BED0B-FE12-40F7-A816-3D8504B9E973}.Debug|Any CPU.Build.0 = Debug|Any CPU
		{225BED0B-FE12-40F7-A816-3D8504B9E973}.Release|Any CPU.ActiveCfg = Release|Any CPU
		{225BED0B-FE12-40F7-A816-3D8504B9E973}.Release|Any CPU.Build.0 = Release|Any CPU
	EndGlobalSection
	GlobalSection(SolutionProperties) = preSolution
		HideSolutionNode = FALSE
	EndGlobalSection
	GlobalSection(ExtensibilityGlobals) = postSolution
		SolutionGuid = {259C7718-7949-4943-B92A-FCCEA3D5B4DC}
	EndGlobalSection
EndGlobal
